
Microsoft Visual Studio Solution File, Format Version 12.00
# Visual Studio Version 16
VisualStudioVersion = 16.0.29230.47
MinimumVisualStudioVersion = 10.0.40219.1
Project("{FAE04EC0-301F-11D3-BF4B-00C04F79EFBC}") = "WeatherForecast", "WeatherForecast\WeatherForecast.csproj", "{397F769C-8D08-436B-97D0-3FB5DC7901A0}"
EndProject
Project("{FAE04EC0-301F-11D3-BF4B-00C04F79EFBC}") = "WeatherForecastTest", "WeatherForecastTest\WeatherForecastTest.csproj", "{52993040-FBB9-4563-AE0A-FAB1677F5228}"
EndProject
Global
	GlobalSection(SolutionConfigurationPlatforms) = preSolution
		Debug|Any CPU = Debug|Any CPU
		Release|Any CPU = Release|Any CPU
	EndGlobalSection
	GlobalSection(ProjectConfigurationPlatforms) = postSolution
		{397F769C-8D08-436B-97D0-3FB5DC7901A0}.Debug|Any CPU.ActiveCfg = Debug|Any CPU
		{397F769C-8D08-436B-97D0-3FB5DC7901A0}.Debug|Any CPU.Build.0 = Debug|Any CPU
		{397F769C-8D08-436B-97D0-3FB5DC7901A0}.Release|Any CPU.ActiveCfg = Release|Any CPU
		{397F769C-8D08-436B-97D0-3FB5DC7901A0}.Release|Any CPU.Build.0 = Release|Any CPU
		{52993040-FBB9-4563-AE0A-FAB1677F5228}.Debug|Any CPU.ActiveCfg = Debug|Any CPU
		{52993040-FBB9-4563-AE0A-FAB1677F5228}.Debug|Any CPU.Build.0 = Debug|Any CPU
		{52993040-FBB9-4563-AE0A-FAB1677F5228}.Release|Any CPU.ActiveCfg = Release|Any CPU
		{52993040-FBB9-4563-AE0A-FAB1677F5228}.Release|Any CPU.Build.0 = Release|Any CPU
	EndGlobalSection
	GlobalSection(SolutionProperties) = preSolution
		HideSolutionNode = FALSE
	EndGlobalSection
	GlobalSection(ExtensibilityGlobals) = postSolution
		SolutionGuid = {36834EFB-42B2-4F05-ABD3-E78AD171EC1A}
	EndGlobalSection
EndGlobal
